
Microsoft Visual Studio Solution File, Format Version 12.00
# Visual Studio Version 17
VisualStudioVersion = 17.5.002.0
MinimumVisualStudioVersion = 10.0.40219.1
Project("{9A19103F-16F7-4668-BE54-9A1E7A4F7556}") = "qlp-server", "qlp-server.csproj", "{237A080E-9307-4764-8CF2-90C1F64AF1B2}"
EndProject
Global
	GlobalSection(SolutionConfigurationPlatforms) = preSolution
		Debug|Any CPU = Debug|Any CPU
		Release|Any CPU = Release|Any CPU
	EndGlobalSection
	GlobalSection(ProjectConfigurationPlatforms) = postSolution
		{237A080E-9307-4764-8CF2-90C1F64AF1B2}.Debug|Any CPU.ActiveCfg = Debug|Any CPU
		{237A080E-9307-4764-8CF2-90C1F64AF1B2}.Debug|Any CPU.Build.0 = Debug|Any CPU
		{237A080E-9307-4764-8CF2-90C1F64AF1B2}.Release|Any CPU.ActiveCfg = Release|Any CPU
		{237A080E-9307-4764-8CF2-90C1F64AF1B2}.Release|Any CPU.Build.0 = Release|Any CPU
	EndGlobalSection
	GlobalSection(SolutionProperties) = preSolution
		HideSolutionNode = FALSE
	EndGlobalSection
	GlobalSection(ExtensibilityGlobals) = postSolution
		SolutionGuid = {28181D23-4D58-4743-8310-D6A81CAF9908}
	EndGlobalSection
EndGlobal
